# This file is automatically @generated by Cargo.
# It is not intended for manual editing.
[[package]]
name = "percent-encoding"
version = "2.1.0"
source = "registry+https://github.com/rust-lang/crates.io-index"

[[package]]
name = "urlquote"
version = "0.4.0"
dependencies = [
 "percent-encoding 2.1.0 (registry+https://github.com/rust-lang/crates.io-index)",
]

[metadata]
"checksum percent-encoding 2.1.0 (registry+https://github.com/rust-lang/crates.io-index)" = "d4fd5641d01c8f18a23da7b6fe29298ff4b55afcccdf78973b24cf3175fee32e"
